
Microsoft Visual Studio Solution File, Format Version 12.00
# Visual Studio Version 17
VisualStudioVersion = 17.6.33723.286
MinimumVisualStudioVersion = 10.0.40219.1
Project("{FAE04EC0-301F-11D3-BF4B-00C04F79EFBC}") = "EncryptionTool", "EncryptionTool.csproj", "{BB056267-6110-4066-B5C6-C2A14CA6B1A8}"
EndProject
Global
	GlobalSection(SolutionConfigurationPlatforms) = preSolution
		Debug|Any CPU = Debug|Any CPU
		Release|Any CPU = Release|Any CPU
	EndGlobalSection
	GlobalSection(ProjectConfigurationPlatforms) = postSolution
		{BB056267-6110-4066-B5C6-C2A14CA6B1A8}.Debug|Any CPU.ActiveCfg = Debug|Any CPU
		{BB056267-6110-4066-B5C6-C2A14CA6B1A8}.Debug|Any CPU.Build.0 = Debug|Any CPU
		{BB056267-6110-4066-B5C6-C2A14CA6B1A8}.Release|Any CPU.ActiveCfg = Release|Any CPU
		{BB056267-6110-4066-B5C6-C2A14CA6B1A8}.Release|Any CPU.Build.0 = Release|Any CPU
	EndGlobalSection
	GlobalSection(SolutionProperties) = preSolution
		HideSolutionNode = FALSE
	EndGlobalSection
	GlobalSection(ExtensibilityGlobals) = postSolution
		SolutionGuid = {FA4B6C71-0D2B-4CBB-8A49-B6EB59961951}
	EndGlobalSection
EndGlobal
